
Microsoft Visual Studio Solution File, Format Version 12.00
# Visual Studio 15
VisualStudioVersion = 15.0.27703.2035
MinimumVisualStudioVersion = 10.0.40219.1
Project("{FAE04EC0-301F-11D3-BF4B-00C04F79EFBC}") = "crystalCLAIMSAPI", "crystalCLAIMSAPI\crystalCLAIMSAPI.csproj", "{DD1726A5-EE84-47B7-954A-CA748DF06F3E}"
EndProject
Global
	GlobalSection(SolutionConfigurationPlatforms) = preSolution
		Debug|Any CPU = Debug|Any CPU
		Release|Any CPU = Release|Any CPU
	EndGlobalSection
	GlobalSection(ProjectConfigurationPlatforms) = postSolution
		{DD1726A5-EE84-47B7-954A-CA748DF06F3E}.Debug|Any CPU.ActiveCfg = Debug|Any CPU
		{DD1726A5-EE84-47B7-954A-CA748DF06F3E}.Debug|Any CPU.Build.0 = Debug|Any CPU
		{DD1726A5-EE84-47B7-954A-CA748DF06F3E}.Release|Any CPU.ActiveCfg = Release|Any CPU
		{DD1726A5-EE84-47B7-954A-CA748DF06F3E}.Release|Any CPU.Build.0 = Release|Any CPU
	EndGlobalSection
	GlobalSection(SolutionProperties) = preSolution
		HideSolutionNode = FALSE
	EndGlobalSection
	GlobalSection(ExtensibilityGlobals) = postSolution
		SolutionGuid = {A91CCD1C-3499-4AF5-9DFC-4E340BA80530}
	EndGlobalSection
EndGlobal
